
Microsoft Visual Studio Solution File, Format Version 12.00
# Visual Studio Version 16
VisualStudioVersion = 16.0.29306.81
MinimumVisualStudioVersion = 10.0.40219.1
Project("{FAE04EC0-301F-11D3-BF4B-00C04F79EFBC}") = "EjemploAbstracFactory", "EjemploAbstracFactory\EjemploAbstracFactory.csproj", "{98D200AA-14F1-4997-B1E3-5C05F97D51D5}"
EndProject
Global
	GlobalSection(SolutionConfigurationPlatforms) = preSolution
		Debug|Any CPU = Debug|Any CPU
		Release|Any CPU = Release|Any CPU
	EndGlobalSection
	GlobalSection(ProjectConfigurationPlatforms) = postSolution
		{98D200AA-14F1-4997-B1E3-5C05F97D51D5}.Debug|Any CPU.ActiveCfg = Debug|Any CPU
		{98D200AA-14F1-4997-B1E3-5C05F97D51D5}.Debug|Any CPU.Build.0 = Debug|Any CPU
		{98D200AA-14F1-4997-B1E3-5C05F97D51D5}.Release|Any CPU.ActiveCfg = Release|Any CPU
		{98D200AA-14F1-4997-B1E3-5C05F97D51D5}.Release|Any CPU.Build.0 = Release|Any CPU
	EndGlobalSection
	GlobalSection(SolutionProperties) = preSolution
		HideSolutionNode = FALSE
	EndGlobalSection
	GlobalSection(ExtensibilityGlobals) = postSolution
		SolutionGuid = {4A9AE7D2-7D64-489D-8EE1-55D81E41F0A2}
	EndGlobalSection
EndGlobal
